// !$*UTF8*$!
{
	archiveVersion = 1;
	classes = {
	};
	objectVersion = 77;
	objects = {

/* Begin PBXContainerItemProxy section */
		BAEB0EA42FFD831400501820 /* PBXContainerItemProxy */ = {
			isa = PBXContainerItemProxy;
			containerPortal = BAEB0E892FFD831200501820 /* Project object */;
			proxyType = 1;
			remoteGlobalIDString = BAEB0E902FFD831200501820;
			remoteInfo = ChaisPas;
		};
		BAEB0EAE2FFD831500501820 /* PBXContainerItemProxy */ = {
			isa = PBXContainerItemProxy;
			containerPortal = BAEB0E892FFD831200501820 /* Project object */;
			proxyType = 1;
			remoteGlobalIDString = BAEB0E902FFD831200501820;
			remoteInfo = ChaisPas;
		};
/* End PBXContainerItemProxy section */

/* Begin PBXFileReference section */
		BAEB0E912FFD831200501820 /* ChaisPas.app */ = {isa = PBXFileReference; explicitFileType = wrapper.application; includeInIndex = 0; path = ChaisPas.app; sourceTree = BUILT_PRODUCTS_DIR; };
		BAEB0EA32FFD831400501820 /* ChaisPasTests.xctest */ = {isa = PBXFileReference; explicitFileType = wrapper.cfbundle; includeInIndex = 0; path = ChaisPasTests.xctest; sourceTree = BUILT_PRODUCTS_DIR; };
		BAEB0EAD2FFD831500501820 /* ChaisPasUITests.xctest */ = {isa = PBXFileReference; explicitFileType = wrapper.cfbundle; includeInIndex = 0; path = ChaisPasUITests.xctest; sourceTree = BUILT_PRODUCTS_DIR; };
/* End PBXFileReference section */

/* Begin PBXFileSystemSynchronizedRootGroup section */
		BAEB0E932FFD831200501820 /* ChaisPas */ = {
			isa = PBXFileSystemSynchronizedRootGroup;
			path = ChaisPas;
			sourceTree = "<group>";
		};
		BAEB0EA62FFD831500501820 /* ChaisPasTests */ = {
			isa = PBXFileSystemSynchronizedRootGroup;
			path = ChaisPasTests;
			sourceTree = "<group>";
		};
		BAEB0EB02FFD831500501820 /* ChaisPasUITests */ = {
			isa = PBXFileSystemSynchronizedRootGroup;
			path = ChaisPasUITests;
			sourceTree = "<group>";
		};
/* End PBXFileSystemSynchronizedRootGroup section */

/* Begin PBXFrameworksBuildPhase section */
		BAEB0E8E2FFD831200501820 /* Frameworks */ = {
			isa = PBXFrameworksBuildPhase;
			buildActionMask = 2147483647;
			files = (
			);
			runOnlyForDeploymentPostprocessing = 0;
		};
		BAEB0EA02FFD831400501820 /* Frameworks */ = {
			isa = PBXFrameworksBuildPhase;
			buildActionMask = 2147483647;
			files = (
			);
			runOnlyForDeploymentPostprocessing = 0;
		};
		BAEB0EAA2FFD831500501820 /* Frameworks */ = {
			isa = PBXFrameworksBuildPhase;
			buildActionMask = 2147483647;
			files = (
			);
			runOnlyForDeploymentPostprocessing = 0;
		};
/* End PBXFrameworksBuildPhase section */

/* Begin PBXGroup section */
		BAEB0E882FFD831200501820 = {
			isa = PBXGroup;
			children = (
				BAEB0E932FFD831200501820 /* ChaisPas */,
				BAEB0EA62FFD831500501820 /* ChaisPasTests */,
				BAEB0EB02FFD831500501820 /* ChaisPasUITests */,
				BAEB0E922FFD831200501820 /* Products */,
			);
			sourceTree = "<group>";
		};
		BAEB0E922FFD831200501820 /* Products */ = {
			isa = PBXGroup;
			children = (
				BAEB0E912FFD831200501820 /* ChaisPas.app */,
				BAEB0EA32FFD831400501820 /* ChaisPasTests.xctest */,
				BAEB0EAD2FFD831500501820 /* ChaisPasUITests.xctest */,
			);
			name = Products;
			sourceTree = "<group>";
		};
/* End PBXGroup section */

/* Begin PBXNativeTarget section */
		BAEB0E902FFD831200501820 /* ChaisPas */ = {
			isa = PBXNativeTarget;
			buildConfigurationList = BAEB0EB72FFD831500501820 /* Build configuration list for PBXNativeTarget "ChaisPas" */;
			buildPhases = (
				BAEB0E8D2FFD831200501820 /* Sources */,
				BAEB0E8E2FFD831200501820 /* Frameworks */,
				BAEB0E8F2FFD831200501820 /* Resources */,
			);
			buildRules = (
			);
			dependencies = (
			);
			fileSystemSynchronizedGroups = (
				BAEB0E932FFD831200501820 /* ChaisPas */,
			);
			name = ChaisPas;
			packageProductDependencies = (
			);
			productName = ChaisPas;
			productReference = BAEB0E912FFD831200501820 /* ChaisPas.app */;
			productType = "com.apple.product-type.application";
		};
		BAEB0EA22FFD831400501820 /* ChaisPasTests */ = {
			isa = PBXNativeTarget;
			buildConfigurationList = BAEB0EBA2FFD831500501820 /* Build configuration list for PBXNativeTarget "ChaisPasTests" */;
			buildPhases = (
				BAEB0E9F2FFD831400501820 /* Sources */,
				BAEB0EA02FFD831400501820 /* Frameworks */,
				BAEB0EA12FFD831400501820 /* Resources */,
			);
			buildRules = (
			);
			dependencies = (
				BAEB0EA52FFD831400501820 /* PBXTargetDependency */,
			);
			fileSystemSynchronizedGroups = (
				BAEB0EA62FFD831500501820 /* ChaisPasTests */,
			);
			name = ChaisPasTests;
			packageProductDependencies = (
			);
			productName = ChaisPasTests;
			productReference = BAEB0EA32FFD831400501820 /* ChaisPasTests.xctest */;
			productType = "com.apple.product-type.bundle.unit-test";
		};
		BAEB0EAC2FFD831500501820 /* ChaisPasUITests */ = {
			isa = PBXNativeTarget;
			buildConfigurationList = BAEB0EBD2FFD831500501820 /* Build configuration list for PBXNativeTarget "ChaisPasUITests" */;
			buildPhases = (
				BAEB0EA92FFD831500501820 /* Sources */,
				BAEB0EAA2FFD831500501820 /* Frameworks */,
				BAEB0EAB2FFD831500501820 /* Resources */,
			);
			buildRules = (
			);
			dependencies = (
				BAEB0EAF2FFD831500501820 /* PBXTargetDependency */,
			);
			fileSystemSynchronizedGroups = (
				BAEB0EB02FFD831500501820 /* ChaisPasUITests */,
			);
			name = ChaisPasUITests;
			packageProductDependencies = (
			);
			productName = ChaisPasUITests;
			productReference = BAEB0EAD2FFD831500501820 /* ChaisPasUITests.xctest */;
			productType = "com.apple.product-type.bundle.ui-testing";
		};
/* End PBXNativeTarget section */

/* Begin PBXProject section */
		BAEB0E892FFD831200501820 /* Project object */ = {
			isa = PBXProject;
			attributes = {
				BuildIndependentTargetsInParallel = 1;
				LastSwiftUpdateCheck = 1600;
				LastUpgradeCheck = 1600;
				TargetAttributes = {
					BAEB0E902FFD831200501820 = {
						CreatedOnToolsVersion = 16.0;
					};
					BAEB0EA22FFD831400501820 = {
						CreatedOnToolsVersion = 16.0;
						TestTargetID = BAEB0E902FFD831200501820;
					};
					BAEB0EAC2FFD831500501820 = {
						CreatedOnToolsVersion = 16.0;
						TestTargetID = BAEB0E902FFD831200501820;
					};
				};
			};
			buildConfigurationList = BAEB0E8C2FFD831200501820 /* Build configuration list for PBXProject "ChaisPas" */;
			developmentRegion = en;
			hasScannedForEncodings = 0;
			knownRegions = (
				en,
				Base,
			);
			mainGroup = BAEB0E882FFD831200501820;
			minimizedProjectReferenceProxies = 1;
			preferredProjectObjectVersion = 77;
			productRefGroup = BAEB0E922FFD831200501820 /* Products */;
			projectDirPath = "";
			projectRoot = "";
			targets = (
				BAEB0E902FFD831200501820 /* ChaisPas */,
				BAEB0EA22FFD831400501820 /* ChaisPasTests */,
				BAEB0EAC2FFD831500501820 /* ChaisPasUITests */,
			);
		};
/* End PBXProject section */

/* Begin PBXResourcesBuildPhase section */
		BAEB0E8F2FFD831200501820 /* Resources */ = {
			isa = PBXResourcesBuildPhase;
			buildActionMask = 2147483647;
			files = (
			);
			runOnlyForDeploymentPostprocessing = 0;
		};
		BAEB0EA12FFD831400501820 /* Resources */ = {
			isa = PBXResourcesBuildPhase;
			buildActionMask = 2147483647;
			files = (
			);
			runOnlyForDeploymentPostprocessing = 0;
		};
		BAEB0EAB2FFD831500501820 /* Resources */ = {
			isa = PBXResourcesBuildPhase;
			buildActionMask = 2147483647;
			files = (
			);
			runOnlyForDeploymentPostprocessing = 0;
		};
/* End PBXResourcesBuildPhase section */

/* Begin PBXSourcesBuildPhase section */
		BAEB0E8D2FFD831200501820 /* Sources */ = {
			isa = PBXSourcesBuildPhase;
			buildActionMask = 2147483647;
			files = (
			);
			runOnlyForDeploymentPostprocessing = 0;
		};
		BAEB0E9F2FFD831400501820 /* Sources */ = {
			isa = PBXSourcesBuildPhase;
			buildActionMask = 2147483647;
			files = (
			);
			runOnlyForDeploymentPostprocessing = 0;
		};
		BAEB0EA92FFD831500501820 /* Sources */ = {
			isa = PBXSourcesBuildPhase;
			buildActionMask = 2147483647;
			files = (
			);
			runOnlyForDeploymentPostprocessing = 0;
		};
/* End PBXSourcesBuildPhase section */

/* Begin PBXTargetDependency section */
		BAEB0EA52FFD831400501820 /* PBXTargetDependency */ = {
			isa = PBXTargetDependency;
			target = BAEB0E902FFD831200501820 /* ChaisPas */;
			targetProxy = BAEB0EA42FFD831400501820 /* PBXContainerItemProxy */;
		};
		BAEB0EAF2FFD831500501820 /* PBXTargetDependency */ = {
			isa = PBXTargetDependency;
			target = BAEB0E902FFD831200501820 /* ChaisPas */;
			targetProxy = BAEB0EAE2FFD831500501820 /* PBXContainerItemProxy */;
		};
/* End PBXTargetDependency section */

/* Begin XCBuildConfiguration section */
		BAEB0EB52FFD831500501820 /* Debug */ = {
			isa = XCBuildConfiguration;
			buildSettings = {
				ALWAYS_SEARCH_USER_PATHS = NO;
				ASSETCATALOG_COMPILER_GENERATE_SWIFT_ASSET_SYMBOL_EXTENSIONS = YES;
				CLANG_ANALYZER_NONNULL = YES;
				CLANG_ANALYZER_NUMBER_OBJECT_CONVERSION = YES_AGGRESSIVE;
				CLANG_CXX_LANGUAGE_STANDARD = "gnu++20";
				CLANG_ENABLE_MODULES = YES;
				CLANG_ENABLE_OBJC_ARC = YES;
				CLANG_ENABLE_OBJC_WEAK = YES;
				CLANG_WARN_BLOCK_CAPTURE_AUTORELEASING = YES;
				CLANG_WARN_BOOL_CONVERSION = YES;
				CLANG_WARN_COMMA = YES;
				CLANG_WARN_CONSTANT_CONVERSION = YES;
				CLANG_WARN_DEPRECATED_OBJC_IMPLEMENTATIONS = YES;
				CLANG_WARN_DIRECT_OBJC_ISA_USAGE = YES_ERROR;
				CLANG_WARN_DOCUMENTATION_COMMENTS = YES;
				CLANG_WARN_EMPTY_BODY = YES;
				CLANG_WARN_ENUM_CONVERSION = YES;
				CLANG_WARN_INFINITE_RECURSION = YES;
				CLANG_WARN_INT_CONVERSION = YES;
				CLANG_WARN_NON_LITERAL_NULL_CONVERSION = YES;
				CLANG_WARN_OBJC_IMPLICIT_RETAIN_SELF = YES;
				CLANG_WARN_OBJC_LITERAL_CONVERSION = YES;
				CLANG_WARN_OBJC_ROOT_CLASS = YES_ERROR;
				CLANG_WARN_QUOTED_INCLUDE_IN_FRAMEWORK_HEADER = YES;
				CLANG_WARN_RANGE_LOOP_ANALYSIS = YES;
				CLANG_WARN_STRICT_PROTOTYPES = YES;
				CLANG_WARN_SUSPICIOUS_MOVE = YES;
				CLANG_WARN_UNGUARDED_AVAILABILITY = YES_AGGRESSIVE;
				CLANG_WARN_UNREACHABLE_CODE = YES;
				CLANG_WARN__DUPLICATE_METHOD_MATCH = YES;
				COPY_PHASE_STRIP = NO;
				DEBUG_INFORMATION_FORMAT = dwarf;
				ENABLE_STRICT_OBJC_MSGSEND = YES;
				ENABLE_TESTABILITY = YES;
				ENABLE_USER_SCRIPT_SANDBOXING = YES;
				GCC_C_LANGUAGE_STANDARD = gnu17;
				GCC_DYNAMIC_NO_PIC = NO;
				GCC_NO_COMMON_BLOCKS = YES;
				GCC_OPTIMIZATION_LEVEL = 0;
				GCC_PREPROCESSOR_DEFINITIONS = (
					"DEBUG=1",
					"$(inherited)",
				);
				GCC_WARN_64_TO_32_BIT_CONVERSION = YES;
				GCC_WARN_ABOUT_RETURN_TYPE = YES_ERROR;
				GCC_WARN_UNDECLARED_SELECTOR = YES;
				GCC_WARN_UNINITIALIZED_AUTOS = YES_AGGRESSIVE;
				GCC_WARN_UNUSED_FUNCTION = YES;
				GCC_WARN_UNUSED_VARIABLE = YES;
				IPHONEOS_DEPLOYMENT_TARGET = 17.0;
				LOCALIZATION_PREFERS_STRING_CATALOGS = YES;
				MTL_ENABLE_DEBUG_INFO = INCLUDE_SOURCE;
				MTL_FAST_MATH = YES;
				ONLY_ACTIVE_ARCH = YES;
				SDKROOT = iphoneos;
				SWIFT_ACTIVE_COMPILATION_CONDITIONS = "DEBUG $(inherited)";
				SWIFT_OPTIMIZATION_LEVEL = "-Onone";
			};
			name = Debug;
		};
		BAEB0EB62FFD831500501820 /* Release */ = {
			isa = XCBuildConfiguration;
			buildSettings = {
				ALWAYS_SEARCH_USER_PATHS = NO;
				ASSETCATALOG_COMPILER_GENERATE_SWIFT_ASSET_SYMBOL_EXTENSIONS = YES;
				CLANG_ANALYZER_NONNULL = YES;
				CLANG_ANALYZER_NUMBER_OBJECT_CONVERSION = YES_AGGRESSIVE;
				CLANG_CXX_LANGUAGE_STANDARD = "gnu++20";
				CLANG_ENABLE_MODULES = YES;
				CLANG_ENABLE_OBJC_ARC = YES;
				CLANG_ENABLE_OBJC_WEAK = YES;
				CLANG_WARN_BLOCK_CAPTURE_AUTORELEASING = YES;
				CLANG_WARN_BOOL_CONVERSION = YES;
				CLANG_WARN_COMMA = YES;
				CLANG_WARN_CONSTANT_CONVERSION = YES;
				CLANG_WARN_DEPRECATED_OBJC_IMPLEMENTATIONS = YES;
				CLANG_WARN_DIRECT_OBJC_ISA_USAGE = YES_ERROR;
				CLANG_WARN_DOCUMENTATION_COMMENTS = YES;
				CLANG_WARN_EMPTY_BODY = YES;
				CLANG_WARN_ENUM_CONVERSION = YES;
				CLANG_WARN_INFINITE_RECURSION = YES;
				CLANG_WARN_INT_CONVERSION = YES;
				CLANG_WARN_NON_LITERAL_NULL_CONVERSION = YES;
				CLANG_WARN_OBJC_IMPLICIT_RETAIN_SELF = YES;
				CLANG_WARN_OBJC_LITERAL_CONVERSION = YES;
				CLANG_WARN_OBJC_ROOT_CLASS = YES_ERROR;
				CLANG_WARN_QUOTED_INCLUDE_IN_FRAMEWORK_HEADER = YES;
				CLANG_WARN_RANGE_LOOP_ANALYSIS = YES;
				CLANG_WARN_STRICT_PROTOTYPES = YES;
				CLANG_WARN_SUSPICIOUS_MOVE = YES;
				CLANG_WARN_UNGUARDED_AVAILABILITY = YES_AGGRESSIVE;
				CLANG_WARN_UNREACHABLE_CODE = YES;
				CLANG_WARN__DUPLICATE_METHOD_MATCH = YES;
				COPY_PHASE_STRIP = NO;
				DEBUG_INFORMATION_FORMAT = "dwarf-with-dsym";
				ENABLE_NS_ASSERTIONS = NO;
				ENABLE_STRICT_OBJC_MSGSEND = YES;
				ENABLE_USER_SCRIPT_SANDBOXING = YES;
				GCC_C_LANGUAGE_STANDARD = gnu17;
				GCC_NO_COMMON_BLOCKS = YES;
				GCC_WARN_64_TO_32_BIT_CONVERSION = YES;
				GCC_WARN_ABOUT_RETURN_TYPE = YES_ERROR;
				GCC_WARN_UNDECLARED_SELECTOR = YES;
				GCC_WARN_UNINITIALIZED_AUTOS = YES_AGGRESSIVE;
				GCC_WARN_UNUSED_FUNCTION = YES;
				GCC_WARN_UNUSED_VARIABLE = YES;
				IPHONEOS_DEPLOYMENT_TARGET = 17.0;
				LOCALIZATION_PREFERS_STRING_CATALOGS = YES;
				MTL_ENABLE_DEBUG_INFO = NO;
				MTL_FAST_MATH = YES;
				SDKROOT = iphoneos;
				SWIFT_COMPILATION_MODE = wholemodule;
				VALIDATE_PRODUCT = YES;
			};
			name = Release;
		};
		BAEB0EB82FFD831500501820 /* Debug */ = {
			isa = XCBuildConfiguration;
			buildSettings = {
				ASSETCATALOG_COMPILER_APPICON_NAME = AppIcon;
				ASSETCATALOG_COMPILER_GLOBAL_ACCENT_COLOR_NAME = AccentColor;
				CODE_SIGN_STYLE = Automatic;
				CURRENT_PROJECT_VERSION = 1;
				DEVELOPMENT_ASSET_PATHS = "\"ChaisPas/Preview Content\"";
				DEVELOPMENT_TEAM = DP3KBQVZ4X;
				ENABLE_PREVIEWS = YES;
				GENERATE_INFOPLIST_FILE = YES;
				INFOPLIST_KEY_UIApplicationSceneManifest_Generation = YES;
				INFOPLIST_KEY_UIApplicationSupportsIndirectInputEvents = YES;
				INFOPLIST_KEY_UILaunchScreen_Generation = YES;
				INFOPLIST_KEY_UISupportedInterfaceOrientations_iPad = "UIInterfaceOrientationPortrait UIInterfaceOrientationPortraitUpsideDown UIInterfaceOrientationLandscapeLeft UIInterfaceOrientationLandscapeRight";
				INFOPLIST_KEY_UISupportedInterfaceOrientations_iPhone = "UIInterfaceOrientationPortrait UIInterfaceOrientationLandscapeLeft UIInterfaceOrientationLandscapeRight";
				LD_RUNPATH_SEARCH_PATHS = (
					"$(inherited)",
					"@executable_path/Frameworks",
				);
				MARKETING_VERSION = 1.0;
				PRODUCT_BUNDLE_IDENTIFIER = com.laurenberry.personal.ChaisPas;
				PRODUCT_NAME = "$(TARGET_NAME)";
				SWIFT_EMIT_LOC_STRINGS = YES;
				SWIFT_VERSION = 5.0;
				TARGETED_DEVICE_FAMILY = "1,2";
			};
			name = Debug;
		};
		BAEB0EB92FFD831500501820 /* Release */ = {
			isa = XCBuildConfiguration;
			buildSettings = {
				ASSETCATALOG_COMPILER_APPICON_NAME = AppIcon;
				ASSETCATALOG_COMPILER_GLOBAL_ACCENT_COLOR_NAME = AccentColor;
				CODE_SIGN_STYLE = Automatic;
				CURRENT_PROJECT_VERSION = 1;
				DEVELOPMENT_ASSET_PATHS = "\"ChaisPas/Preview Content\"";
				DEVELOPMENT_TEAM = DP3KBQVZ4X;
				ENABLE_PREVIEWS = YES;
				GENERATE_INFOPLIST_FILE = YES;
				INFOPLIST_KEY_UIApplicationSceneManifest_Generation = YES;
				INFOPLIST_KEY_UIApplicationSupportsIndirectInputEvents = YES;
				INFOPLIST_KEY_UILaunchScreen_Generation = YES;
				INFOPLIST_KEY_UISupportedInterfaceOrientations_iPad = "UIInterfaceOrientationPortrait UIInterfaceOrientationPortraitUpsideDown UIInterfaceOrientationLandscapeLeft UIInterfaceOrientationLandscapeRight";
				INFOPLIST_KEY_UISupportedInterfaceOrientations_iPhone = "UIInterfaceOrientationPortrait UIInterfaceOrientationLandscapeLeft UIInterfaceOrientationLandscapeRight";
				LD_RUNPATH_SEARCH_PATHS = (
					"$(inherited)",
					"@executable_path/Frameworks",
				);
				MARKETING_VERSION = 1.0;
				PRODUCT_BUNDLE_IDENTIFIER = com.laurenberry.personal.ChaisPas;
				PRODUCT_NAME = "$(TARGET_NAME)";
				SWIFT_EMIT_LOC_STRINGS = YES;
				SWIFT_VERSION = 5.0;
				TARGETED_DEVICE_FAMILY = "1,2";
			};
			name = Release;
		};
		BAEB0EBB2FFD831500501820 /* Debug */ = {
			isa = XCBuildConfiguration;
			buildSettings = {
				BUNDLE_LOADER = "$(TEST_HOST)";
				CODE_SIGN_STYLE = Automatic;
				CURRENT_PROJECT_VERSION = 1;
				DEVELOPMENT_TEAM = DP3KBQVZ4X;
				GENERATE_INFOPLIST_FILE = YES;
				IPHONEOS_DEPLOYMENT_TARGET = 17.0;
				MARKETING_VERSION = 1.0;
				PRODUCT_BUNDLE_IDENTIFIER = com.laurenberry.personal.ChaisPasTests;
				PRODUCT_NAME = "$(TARGET_NAME)";
				SWIFT_EMIT_LOC_STRINGS = NO;
				SWIFT_VERSION = 5.0;
				TARGETED_DEVICE_FAMILY = "1,2";
				TEST_HOST = "$(BUILT_PRODUCTS_DIR)/ChaisPas.app/$(BUNDLE_EXECUTABLE_FOLDER_PATH)/ChaisPas";
			};
			name = Debug;
		};
		BAEB0EBC2FFD831500501820 /* Release */ = {
			isa = XCBuildConfiguration;
			buildSettings = {
				BUNDLE_LOADER = "$(TEST_HOST)";
				CODE_SIGN_STYLE = Automatic;
				CURRENT_PROJECT_VERSION = 1;
				DEVELOPMENT_TEAM = DP3KBQVZ4X;
				GENERATE_INFOPLIST_FILE = YES;
				IPHONEOS_DEPLOYMENT_TARGET = 17.0;
				MARKETING_VERSION = 1.0;
				PRODUCT_BUNDLE_IDENTIFIER = com.laurenberry.personal.ChaisPasTests;
				PRODUCT_NAME = "$(TARGET_NAME)";
				SWIFT_EMIT_LOC_STRINGS = NO;
				SWIFT_VERSION = 5.0;
				TARGETED_DEVICE_FAMILY = "1,2";
				TEST_HOST = "$(BUILT_PRODUCTS_DIR)/ChaisPas.app/$(BUNDLE_EXECUTABLE_FOLDER_PATH)/ChaisPas";
			};
			name = Release;
		};
		BAEB0EBE2FFD831500501820 /* Debug */ = {
			isa = XCBuildConfiguration;
			buildSettings = {
				CODE_SIGN_STYLE = Automatic;
				CURRENT_PROJECT_VERSION = 1;
				DEVELOPMENT_TEAM = DP3KBQVZ4X;
				GENERATE_INFOPLIST_FILE = YES;
				MARKETING_VERSION = 1.0;
				PRODUCT_BUNDLE_IDENTIFIER = com.laurenberry.personal.ChaisPasUITests;
				PRODUCT_NAME = "$(TARGET_NAME)";
				SWIFT_EMIT_LOC_STRINGS = NO;
				SWIFT_VERSION = 5.0;
				TARGETED_DEVICE_FAMILY = "1,2";
				TEST_TARGET_NAME = ChaisPas;
			};
			name = Debug;
		};
		BAEB0EBF2FFD831500501820 /* Release */ = {
			isa = XCBuildConfiguration;
			buildSettings = {
				CODE_SIGN_STYLE = Automatic;
				CURRENT_PROJECT_VERSION = 1;
				DEVELOPMENT_TEAM = DP3KBQVZ4X;
				GENERATE_INFOPLIST_FILE = YES;
				MARKETING_VERSION = 1.0;
				PRODUCT_BUNDLE_IDENTIFIER = com.laurenberry.personal.ChaisPasUITests;
				PRODUCT_NAME = "$(TARGET_NAME)";
				SWIFT_EMIT_LOC_STRINGS = NO;
				SWIFT_VERSION = 5.0;
				TARGETED_DEVICE_FAMILY = "1,2";
				TEST_TARGET_NAME = ChaisPas;
			};
			name = Release;
		};
/* End XCBuildConfiguration section */

/* Begin XCConfigurationList section */
		BAEB0E8C2FFD831200501820 /* Build configuration list for PBXProject "ChaisPas" */ = {
			isa = XCConfigurationList;
			buildConfigurations = (
				BAEB0EB52FFD831500501820 /* Debug */,
				BAEB0EB62FFD831500501820 /* Release */,
			);
			defaultConfigurationIsVisible = 0;
			defaultConfigurationName = Release;
		};
		BAEB0EB72FFD831500501820 /* Build configuration list for PBXNativeTarget "ChaisPas" */ = {
			isa = XCConfigurationList;
			buildConfigurations = (
				BAEB0EB82FFD831500501820 /* Debug */,
				BAEB0EB92FFD831500501820 /* Release */,
			);
			defaultConfigurationIsVisible = 0;
			defaultConfigurationName = Release;
		};
		BAEB0EBA2FFD831500501820 /* Build configuration list for PBXNativeTarget "ChaisPasTests" */ = {
			isa = XCConfigurationList;
			buildConfigurations = (
				BAEB0EBB2FFD831500501820 /* Debug */,
				BAEB0EBC2FFD831500501820 /* Release */,
			);
			defaultConfigurationIsVisible = 0;
			defaultConfigurationName = Release;
		};
		BAEB0EBD2FFD831500501820 /* Build configuration list for PBXNativeTarget "ChaisPasUITests" */ = {
			isa = XCConfigurationList;
			buildConfigurations = (
				BAEB0EBE2FFD831500501820 /* Debug */,
				BAEB0EBF2FFD831500501820 /* Release */,
			);
			defaultConfigurationIsVisible = 0;
			defaultConfigurationName = Release;
		};
/* End XCConfigurationList section */
	};
	rootObject = BAEB0E892FFD831200501820 /* Project object */;
}
